
Microsoft Visual Studio Solution File, Format Version 12.00
# Visual Studio Version 17
VisualStudioVersion = 17.14.36221.1 d17.14
MinimumVisualStudioVersion = 10.0.40219.1
Project("{FAE04EC0-301F-11D3-BF4B-00C04F79EFBC}") = "DataStructuresPractice", "DataStructuresPractice\DataStructuresPractice.csproj", "{06F13CF8-BB34-4FC4-95A9-A1CFE607212E}"
EndProject
Global
	GlobalSection(SolutionConfigurationPlatforms) = preSolution
		Debug|Any CPU = Debug|Any CPU
		Release|Any CPU = Release|Any CPU
	EndGlobalSection
	GlobalSection(ProjectConfigurationPlatforms) = postSolution
		{06F13CF8-BB34-4FC4-95A9-A1CFE607212E}.Debug|Any CPU.ActiveCfg = Debug|Any CPU
		{06F13CF8-BB34-4FC4-95A9-A1CFE607212E}.Debug|Any CPU.Build.0 = Debug|Any CPU
		{06F13CF8-BB34-4FC4-95A9-A1CFE607212E}.Release|Any CPU.ActiveCfg = Release|Any CPU
		{06F13CF8-BB34-4FC4-95A9-A1CFE607212E}.Release|Any CPU.Build.0 = Release|Any CPU
	EndGlobalSection
	GlobalSection(SolutionProperties) = preSolution
		HideSolutionNode = FALSE
	EndGlobalSection
	GlobalSection(ExtensibilityGlobals) = postSolution
		SolutionGuid = {F6BBD224-24D1-4AE1-A748-2766EC1A7B6B}
	EndGlobalSection
EndGlobal
